schema: '2.0'
stages:
  process:
    cmd: python src/process_ratings.py
    deps:
    - path: data/raw/ratings.csv
      hash: md5
      md5: b46f41c3b7278c4bf64078242436e021
      size: 2441
    - path: src/process_ratings.py
      hash: md5
      md5: 52bac3ae4b4d9349579b3e666fe4b372
      size: 511
    outs:
    - path: data/processed/cleaned_ratings.csv
      hash: md5
      md5: 89971c7e631361189bead80dad414a84
      size: 2426
  features:
    cmd: python src/create_features.py
    deps:
    - path: data/processed/cleaned_ratings.csv
      hash: md5
      md5: 89971c7e631361189bead80dad414a84
      size: 2426
    - path: src/create_features.py
      hash: md5
      md5: 0b239d431162a97da9d65d8a417a9358
      size: 552
    outs:
    - path: models/user_similarity.pkl
      hash: md5
      md5: 52a9f31ed95082a505445694122ff1d4
      size: 30814
